{
  "version": 4,
  "terraform_version": "1.15.5",
  "serial": 9,
  "lineage": "50f1b79d-994d-4cea-92f8-06efaf28d74a",
  "outputs": {},
  "resources": [
    {
      "mode": "managed",
      "type": "aws_api_gateway_rest_api",
      "name": "this",
      "provider": "provider[\"registry.terraform.io/hashicorp/aws\"]",
      "instances": [
        {
          "schema_version": 0,
          "attributes": {
            "api_key_source": "HEADER",
            "arn": "arn:aws:apigateway:ap-southeast-2::/restapis/njwn9hkiph",
            "binary_media_types": [],
            "body": null,
            "created_date": "2024-07-07T06:10:27Z",
            "description": "",
            "disable_execute_api_endpoint": false,
            "endpoint_configuration": [
              {
                "ip_address_type": "",
                "types": [
                  "REGIONAL"
                ],
                "vpc_endpoint_ids": []
              }
            ],
            "execution_arn": "arn:aws:execute-api:ap-southeast-2:476720619618:njwn9hkiph",
            "fail_on_warnings": null,
            "id": "njwn9hkiph",
            "minimum_compression_size": "",
            "name": "gofuel",
            "parameters": null,
            "policy": "",
            "put_rest_api_mode": "overwrite",
            "root_resource_id": "c6gk9famag",
            "tags": {},
            "tags_all": {}
          },
          "sensitive_attributes": [],
          "identity_schema_version": 0,
          "private": "eyJzY2hlbWFfdmVyc2lvbiI6IjAifQ=="
        }
      ]
    },
    {
      "mode": "managed",
      "type": "aws_dynamodb_table",
      "name": "public",
      "provider": "provider[\"registry.terraform.io/hashicorp/aws\"]",
      "instances": [
        {
          "schema_version": 1,
          "attributes": {
            "arn": "arn:aws:dynamodb:ap-southeast-2:476720619618:table/Stations",
            "attribute": [
              {
                "name": "RegionGeohash",
                "type": "S"
              },
              {
                "name": "SubRegionGeohash",
                "type": "S"
              },
              {
                "name": "TownGeohash",
                "type": "S"
              }
            ],
            "billing_mode": "PAY_PER_REQUEST",
            "deletion_protection_enabled": false,
            "global_secondary_index": [
              {
                "hash_key": "SubRegionGeohash",
                "name": "GSI_SubRegion",
                "non_key_attributes": [
                  "Address",
                  "Brand",
                  "Date",
                  "Diesel",
                  "Latitude",
                  "Longitude",
                  "StationId",
                  "Title",
                  "Ulp91",
                  "Ulp95",
                  "Ulp98"
                ],
                "on_demand_throughput": [],
                "projection_type": "INCLUDE",
                "range_key": "TownGeohash",
                "read_capacity": 2,
                "write_capacity": 5
              }
            ],
            "hash_key": "RegionGeohash",
            "id": "Stations",
            "import_table": [],
            "local_secondary_index": [],
            "name": "Stations",
            "on_demand_throughput": [],
            "point_in_time_recovery": [
              {
                "enabled": false,
                "recovery_period_in_days": 0
              }
            ],
            "range_key": "TownGeohash",
            "read_capacity": 0,
            "replica": [],
            "restore_date_time": null,
            "restore_source_name": null,
            "restore_source_table_arn": null,
            "restore_to_latest_time": null,
            "server_side_encryption": [],
            "stream_arn": "",
            "stream_enabled": false,
            "stream_label": "",
            "stream_view_type": "",
            "table_class": "STANDARD",
            "tags": {
              "Project": "gofuel"
            },
            "tags_all": {
              "Project": "gofuel"
            },
            "timeouts": null,
            "ttl": [
              {
                "attribute_name": "",
                "enabled": false
              }
            ],
            "write_capacity": 0
          },
          "sensitive_attributes": [],
          "identity_schema_version": 0,
          "private": "eyJlMmJmYjczMC1lY2FhLTExZTYtOGY4OC0zNDM2M2JjN2M0YzAiOnsiY3JlYXRlIjoxODAwMDAwMDAwMDAwLCJkZWxldGUiOjYwMDAwMDAwMDAwMCwidXBkYXRlIjozNjAwMDAwMDAwMDAwfSwic2NoZW1hX3ZlcnNpb24iOiIxIn0="
        }
      ]
    }
  ],
  "check_results": null
}
